PODS:
  - Flutter (1.0.0)
  - flutter_credit_card (0.0.1):
    - Flutter
  - Stripe (23.16.0):
    - StripeApplePay (= 23.16.0)
    - StripeCore (= 23.16.0)
    - StripePayments (= 23.16.0)
    - StripePaymentsUI (= 23.16.0)
    - StripeUICore (= 23.16.0)
  - stripe_ios (0.0.1):
    - Flutter
    - Stripe (~> 23.16.0)
    - StripeApplePay (~> 23.16.0)
    - StripeFinancialConnections (~> 23.16.0)
    - StripePayments (~> 23.16.0)
    - StripePaymentSheet (~> 23.16.0)
    - StripePaymentsUI (~> 23.16.0)
  - StripeApplePay (23.16.0):
    - StripeCore (= 23.16.0)
  - StripeCore (23.16.0)
  - StripeFinancialConnections (23.16.0):
    - StripeCore (= 23.16.0)
    - StripeUICore (= 23.16.0)
  - StripePayments (23.16.0):
    - StripeCore (= 23.16.0)
    - StripePayments/Stripe3DS2 (= 23.16.0)
  - StripePayments/Stripe3DS2 (23.16.0):
    - StripeCore (= 23.16.0)
  - StripePaymentSheet (23.16.0):
    - StripeApplePay (= 23.16.0)
    - StripeCore (= 23.16.0)
    - StripePayments (= 23.16.0)
    - StripePaymentsUI (= 23.16.0)
  - StripePaymentsUI (23.16.0):
    - StripeCore (= 23.16.0)
    - StripePayments (= 23.16.0)
    - StripeUICore (= 23.16.0)
  - StripeUICore (23.16.0):
    - StripeCore (= 23.16.0)

DEPENDENCIES:
  - Flutter (from `Flutter`)
  - flutter_credit_card (from `.symlinks/plugins/flutter_credit_card/ios`)
  - stripe_ios (from `.symlinks/plugins/stripe_ios/ios`)

SPEC REPOS:
  trunk:
    - Stripe
    - StripeApplePay
    - StripeCore
    - StripeFinancialConnections
    - StripePayments
    - StripePaymentSheet
    - StripePaymentsUI
    - StripeUICore

EXTERNAL SOURCES:
  Flutter:
    :path: Flutter
  flutter_credit_card:
    :path: ".symlinks/plugins/flutter_credit_card/ios"
  stripe_ios:
    :path: ".symlinks/plugins/stripe_ios/ios"

SPEC CHECKSUMS:
  Flutter: f04841e97a9d0b0a8025694d0796dd46242b2854
  flutter_credit_card: 48fb35065294868bc6a3e7f18a42f28929b84f48
  Stripe: fcab417424a45d995aa1e62a39bc942233b61ba3
  stripe_ios: 2b444aaa35682eee30eac8733a9d502c1e925a4a
  StripeApplePay: 81de266a964b3ad02fb25e8b22fd8c235d2916a8
  StripeCore: ac141047bca25f5ae945a1cbdd00a90b0d08c616
  StripeFinancialConnections: d7a452e4bed1195d8978ee4f6c0ba2f82c89fdf4
  StripePayments: 5804cb9b02cca488042e5cf8cf57a86a5080006b
  StripePaymentSheet: 06ea6bbf49be869769c46bf31be4fbc3e23b5b19
  StripePaymentsUI: 24a0349ae8c7e8c7402086703720fe06c52ddea0
  StripeUICore: ce85e040a22bf0335061d14973d37757528b3d2d

PODFILE CHECKSUM: a57f30d18f102dd3ce366b1d62a55ecbef2158e5

COCOAPODS: 1.14.2
